
Microsoft Visual Studio Solution File, Format Version 12.00
# Visual Studio Version 16
VisualStudioVersion = 16.0.31410.223
MinimumVisualStudioVersion = 10.0.40219.1
Project("{FAE04EC0-301F-11D3-BF4B-00C04F79EFBC}") = "DebuggingExercise", "DebuggingExercise.csproj", "{0A0541E3-C46A-487D-896C-9914B9509344}"
EndProject
Global
	GlobalSection(SolutionConfigurationPlatforms) = preSolution
		Debug|Any CPU = Debug|Any CPU
		Release|Any CPU = Release|Any CPU
	EndGlobalSection
	GlobalSection(ProjectConfigurationPlatforms) = postSolution
		{0A0541E3-C46A-487D-896C-9914B9509344}.Debug|Any CPU.ActiveCfg = Debug|Any CPU
		{0A0541E3-C46A-487D-896C-9914B9509344}.Debug|Any CPU.Build.0 = Debug|Any CPU
		{0A0541E3-C46A-487D-896C-9914B9509344}.Release|Any CPU.ActiveCfg = Release|Any CPU
		{0A0541E3-C46A-487D-896C-9914B9509344}.Release|Any CPU.Build.0 = Release|Any CPU
	EndGlobalSection
	GlobalSection(SolutionProperties) = preSolution
		HideSolutionNode = FALSE
	EndGlobalSection
	GlobalSection(ExtensibilityGlobals) = postSolution
		SolutionGuid = {554EF8B2-26B1-4B4E-BCC7-18017E4F3ACF}
	EndGlobalSection
EndGlobal
